
Microsoft Visual Studio Solution File, Format Version 12.00
# Visual Studio Version 17
VisualStudioVersion = 17.7.34221.43
MinimumVisualStudioVersion = 10.0.40219.1
Project("{FAE04EC0-301F-11D3-BF4B-00C04F79EFBC}") = "FurnitureStore", "FurnitureStore\FurnitureStore.csproj", "{A30F3058-269F-43F8-85F4-6B9CCF98C1FD}"
EndProject
Global
	GlobalSection(SolutionConfigurationPlatforms) = preSolution
		Debug|Any CPU = Debug|Any CPU
		Release|Any CPU = Release|Any CPU
	EndGlobalSection
	GlobalSection(ProjectConfigurationPlatforms) = postSolution
		{A30F3058-269F-43F8-85F4-6B9CCF98C1FD}.Debug|Any CPU.ActiveCfg = Debug|Any CPU
		{A30F3058-269F-43F8-85F4-6B9CCF98C1FD}.Debug|Any CPU.Build.0 = Debug|Any CPU
		{A30F3058-269F-43F8-85F4-6B9CCF98C1FD}.Release|Any CPU.ActiveCfg = Release|Any CPU
		{A30F3058-269F-43F8-85F4-6B9CCF98C1FD}.Release|Any CPU.Build.0 = Release|Any CPU
	EndGlobalSection
	GlobalSection(SolutionProperties) = preSolution
		HideSolutionNode = FALSE
	EndGlobalSection
	GlobalSection(ExtensibilityGlobals) = postSolution
		SolutionGuid = {19666D2A-8C13-4856-922E-015D78889567}
	EndGlobalSection
EndGlobal
